{
  "lockfile_version": "1",
  "packages": {
    "github:NixOS/nixpkgs/nixpkgs-unstable": {
      "last_modified": "2026-06-01T17:55:45Z",
      "resolved": "github:NixOS/nixpkgs/4df1b885d76a54e1aa1a318f8d16fd6005b6401f?lastModified=1780336545"
    },
    "go-task@3.48.0": {
      "last_modified": "2026-06-27T07:37:20Z",
      "resolved": "github:NixOS/nixpkgs/3d46470bb3030020f7e1361f33514854f5bfa86d#go-task",
      "source": "devbox-search",
      "version": "3.48.0",
      "systems": {
        "aarch64-darwin": {
          "outputs": [
            {
              "name": "out",
              "path": "/nix/store/80bj596m0qh7lyh7f5cmfy6r2cif9i08-go-task-3.48.0",
              "default": true
            }
          ],
          "store_path": "/nix/store/80bj596m0qh7lyh7f5cmfy6r2cif9i08-go-task-3.48.0"
        },
        "aarch64-linux": {
          "outputs": [
            {
              "name": "out",
              "path": "/nix/store/cp9nkcbc9gpx527n258c2bglhc4b82w5-go-task-3.48.0",
              "default": true
            }
          ],
          "store_path": "/nix/store/cp9nkcbc9gpx527n258c2bglhc4b82w5-go-task-3.48.0"
        },
        "x86_64-darwin": {
          "outputs": [
            {
              "name": "out",
              "path": "/nix/store/q7mxf9b9kcphb3lxrzn4mqazb9nrvlnz-go-task-3.48.0",
              "default": true
            }
          ],
          "store_path": "/nix/store/q7mxf9b9kcphb3lxrzn4mqazb9nrvlnz-go-task-3.48.0"
        },
        "x86_64-linux": {
          "outputs": [
            {
              "name": "out",
              "path": "/nix/store/7fshm6glyd5vi331jjizidvn95lflpig-go-task-3.48.0",
              "default": true
            }
          ],
          "store_path": "/nix/store/7fshm6glyd5vi331jjizidvn95lflpig-go-task-3.48.0"
        }
      }
    },
    "go@1.26.3": {
      "last_modified": "2026-05-21T08:15:18Z",
      "resolved": "github:NixOS/nixpkgs/4a29d733e8a7d5b824c3d8c958a946a9867b3eb2#go",
      "source": "devbox-search",
      "version": "1.26.3",
      "systems": {
        "aarch64-darwin": {
          "outputs": [
            {
              "name": "out",
              "path": "/nix/store/7ycp8j45iay38g9mjaxmy4jhwdsrb47y-go-1.26.3",
              "default": true
            }
          ],
          "store_path": "/nix/store/7ycp8j45iay38g9mjaxmy4jhwdsrb47y-go-1.26.3"
        },
        "aarch64-linux": {
          "outputs": [
            {
              "name": "out",
              "path": "/nix/store/jkcwcbwvhgzmxg59798z4clmj4bfv42i-go-1.26.3",
              "default": true
            }
          ],
          "store_path": "/nix/store/jkcwcbwvhgzmxg59798z4clmj4bfv42i-go-1.26.3"
        },
        "x86_64-darwin": {
          "outputs": [
            {
              "name": "out",
              "path": "/nix/store/3f2jzvxmhhlarjqxy1p7i9r5l34siz29-go-1.26.3",
              "default": true
            }
          ],
          "store_path": "/nix/store/3f2jzvxmhhlarjqxy1p7i9r5l34siz29-go-1.26.3"
        },
        "x86_64-linux": {
          "outputs": [
            {
              "name": "out",
              "path": "/nix/store/33fw5m31lfcnk4ff2f0df7j2bxnh8lgk-go-1.26.3",
              "default": true
            }
          ],
          "store_path": "/nix/store/33fw5m31lfcnk4ff2f0df7j2bxnh8lgk-go-1.26.3"
        }
      }
    },
    "python@3.15.0": {
      "last_modified": "2026-06-27T07:37:20Z",
      "plugin_version": "0.0.5",
      "resolved": "github:NixOS/nixpkgs/3d46470bb3030020f7e1361f33514854f5bfa86d#python315",
      "source": "devbox-search",
      "version": "3.15.0b3",
      "systems": {
        "aarch64-darwin": {
          "outputs": [
            {
              "name": "out",
              "path": "/nix/store/2s7acb0nbd4x8lssr43hn53c01svwcsa-python3-3.15.0b3",
              "default": true
            }
          ],
          "store_path": "/nix/store/2s7acb0nbd4x8lssr43hn53c01svwcsa-python3-3.15.0b3"
        },
        "aarch64-linux": {
          "outputs": [
            {
              "name": "out",
              "path": "/nix/store/yf8lmb734ab1lijs9wbzmw4gdw6swclq-python3-3.15.0b3",
              "default": true
            },
            {
              "name": "debug",
              "path": "/nix/store/9iplbkmibb9zpv902yncq8s59h8znvar-python3-3.15.0b3-debug"
            }
          ],
          "store_path": "/nix/store/yf8lmb734ab1lijs9wbzmw4gdw6swclq-python3-3.15.0b3"
        },
        "x86_64-darwin": {
          "outputs": [
            {
              "name": "out",
              "path": "/nix/store/m2p1arbg3vrkjw7qh912kk9sfkcyqvab-python3-3.15.0b3",
              "default": true
            }
          ],
          "store_path": "/nix/store/m2p1arbg3vrkjw7qh912kk9sfkcyqvab-python3-3.15.0b3"
        },
        "x86_64-linux": {
          "outputs": [
            {
              "name": "out",
              "path": "/nix/store/nycpfzi42fk7r2n8k2cy7ymja4wydwh6-python3-3.15.0b3",
              "default": true
            },
            {
              "name": "debug",
              "path": "/nix/store/1my7iy2i8jlicrj42wvdg62vzs5q2xlp-python3-3.15.0b3-debug"
            }
          ],
          "store_path": "/nix/store/nycpfzi42fk7r2n8k2cy7ymja4wydwh6-python3-3.15.0b3"
        }
      }
    },
    "ruff@0.15.20": {
      "last_modified": "2026-06-28T08:48:41Z",
      "resolved": "github:NixOS/nixpkgs/e1c1b84752fb0897897380a3cae9dc7fcab91ca3#ruff",
      "source": "devbox-search",
      "version": "0.15.20",
      "systems": {
        "aarch64-darwin": {
          "outputs": [
            {
              "name": "out",
              "path": "/nix/store/xzg11r2zjmrf0hykdpa5rsg08szy1031-ruff-0.15.20",
              "default": true
            }
          ],
          "store_path": "/nix/store/xzg11r2zjmrf0hykdpa5rsg08szy1031-ruff-0.15.20"
        },
        "aarch64-linux": {
          "outputs": [
            {
              "name": "out",
              "path": "/nix/store/x36i9a4qjs84f6hs3pq5pvg4rx0ghvk1-ruff-0.15.20",
              "default": true
            }
          ],
          "store_path": "/nix/store/x36i9a4qjs84f6hs3pq5pvg4rx0ghvk1-ruff-0.15.20"
        },
        "x86_64-darwin": {
          "outputs": [
            {
              "name": "out",
              "path": "/nix/store/06ns7wsp1j3zd2qxf3xs5b4acvbhc5s1-ruff-0.15.20",
              "default": true
            }
          ],
          "store_path": "/nix/store/06ns7wsp1j3zd2qxf3xs5b4acvbhc5s1-ruff-0.15.20"
        },
        "x86_64-linux": {
          "outputs": [
            {
              "name": "out",
              "path": "/nix/store/k2v9f3y5ghvcg7r84x9cpd8xpaig5dn9-ruff-0.15.20",
              "default": true
            }
          ],
          "store_path": "/nix/store/k2v9f3y5ghvcg7r84x9cpd8xpaig5dn9-ruff-0.15.20"
        }
      }
    }
  }
}
